
Microsoft Visual Studio Solution File, Format Version 12.00
# Visual Studio Version 17
VisualStudioVersion = 17.3.32922.545
MinimumVisualStudioVersion = 10.0.40219.1
Project("{9A19103F-16F7-4668-BE54-9A1E7A4F7556}") = "GalatiaBurgerWeb", "GalatiaBurgerWeb\GalatiaBurgerWeb.csproj", "{CD7487D2-CF0F-458C-9922-DD77FC784F2C}"
EndProject
Project("{9A19103F-16F7-4668-BE54-9A1E7A4F7556}") = "GalatiaBurger.DataAccess", "GalatiaBurger.DataAccess\GalatiaBurger.DataAccess.csproj", "{87FDA6EF-6AED-4C8B-A6E3-7877B13F0D5D}"
EndProject
Project("{9A19103F-16F7-4668-BE54-9A1E7A4F7556}") = "GalatiaBurger.Models", "GalatiaBurger.Models\GalatiaBurger.Models.csproj", "{DCDF9BC0-793C-42D2-AE74-06E24725696E}"
EndProject
Project("{9A19103F-16F7-4668-BE54-9A1E7A4F7556}") = "GalatiaBurger.Utility", "GalatiaBurger.Utility\GalatiaBurger.Utility.csproj", "{3429567B-BCF7-4023-8C68-CFE0331333A8}"
EndProject
Project("{2150E333-8FDC-42A3-9474-1A3956D46DE8}") = "Solution Items", "Solution Items", "{162D74DF-2582-4E47-84A5-B40C9DC75AD1}"
	ProjectSection(SolutionItems) = preProject
		README.md = README.md
	EndProjectSection
EndProject
Global
	GlobalSection(SolutionConfigurationPlatforms) = preSolution
		Debug|Any CPU = Debug|Any CPU
		Release|Any CPU = Release|Any CPU
	EndGlobalSection
	GlobalSection(ProjectConfigurationPlatforms) = postSolution
		{CD7487D2-CF0F-458C-9922-DD77FC784F2C}.Debug|Any CPU.ActiveCfg = Debug|Any CPU
		{CD7487D2-CF0F-458C-9922-DD77FC784F2C}.Debug|Any CPU.Build.0 = Debug|Any CPU
		{CD7487D2-CF0F-458C-9922-DD77FC784F2C}.Release|Any CPU.ActiveCfg = Release|Any CPU
		{CD7487D2-CF0F-458C-9922-DD77FC784F2C}.Release|Any CPU.Build.0 = Release|Any CPU
		{87FDA6EF-6AED-4C8B-A6E3-7877B13F0D5D}.Debug|Any CPU.ActiveCfg = Debug|Any CPU
		{87FDA6EF-6AED-4C8B-A6E3-7877B13F0D5D}.Debug|Any CPU.Build.0 = Debug|Any CPU
		{87FDA6EF-6AED-4C8B-A6E3-7877B13F0D5D}.Release|Any CPU.ActiveCfg = Release|Any CPU
		{87FDA6EF-6AED-4C8B-A6E3-7877B13F0D5D}.Release|Any CPU.Build.0 = Release|Any CPU
		{DCDF9BC0-793C-42D2-AE74-06E24725696E}.Debug|Any CPU.ActiveCfg = Debug|Any CPU
		{DCDF9BC0-793C-42D2-AE74-06E24725696E}.Debug|Any CPU.Build.0 = Debug|Any CPU
		{DCDF9BC0-793C-42D2-AE74-06E24725696E}.Release|Any CPU.ActiveCfg = Release|Any CPU
		{DCDF9BC0-793C-42D2-AE74-06E24725696E}.Release|Any CPU.Build.0 = Release|Any CPU
		{3429567B-BCF7-4023-8C68-CFE0331333A8}.Debug|Any CPU.ActiveCfg = Debug|Any CPU
		{3429567B-BCF7-4023-8C68-CFE0331333A8}.Debug|Any CPU.Build.0 = Debug|Any CPU
		{3429567B-BCF7-4023-8C68-CFE0331333A8}.Release|Any CPU.ActiveCfg = Release|Any CPU
		{3429567B-BCF7-4023-8C68-CFE0331333A8}.Release|Any CPU.Build.0 = Release|Any CPU
	EndGlobalSection
	GlobalSection(SolutionProperties) = preSolution
		HideSolutionNode = FALSE
	EndGlobalSection
	GlobalSection(ExtensibilityGlobals) = postSolution
		SolutionGuid = {51246C91-2A26-4324-A7CE-E889E08839BD}
	EndGlobalSection
EndGlobal
